
Microsoft Visual Studio Solution File, Format Version 12.00
# Visual Studio Version 16
VisualStudioVersion = 25.0.1704.0
MinimumVisualStudioVersion = 10.0.40219.1
Project("{FAE04EC0-301F-11D3-BF4B-00C04F79EFBC}") = "Day1", "Day1.csproj", "{22800D4C-9AFC-49DB-81FB-6987033E1E40}"
EndProject
Global
	GlobalSection(SolutionConfigurationPlatforms) = preSolution
		Debug|Any CPU = Debug|Any CPU
		Release|Any CPU = Release|Any CPU
	EndGlobalSection
	GlobalSection(ProjectConfigurationPlatforms) = postSolution
		{22800D4C-9AFC-49DB-81FB-6987033E1E40}.Debug|Any CPU.ActiveCfg = Debug|Any CPU
		{22800D4C-9AFC-49DB-81FB-6987033E1E40}.Debug|Any CPU.Build.0 = Debug|Any CPU
		{22800D4C-9AFC-49DB-81FB-6987033E1E40}.Release|Any CPU.ActiveCfg = Release|Any CPU
		{22800D4C-9AFC-49DB-81FB-6987033E1E40}.Release|Any CPU.Build.0 = Release|Any CPU
	EndGlobalSection
	GlobalSection(SolutionProperties) = preSolution
		HideSolutionNode = FALSE
	EndGlobalSection
	GlobalSection(ExtensibilityGlobals) = postSolution
		SolutionGuid = {B36DA88F-1F65-4844-88AB-DDA1C93AE0F0}
	EndGlobalSection
EndGlobal
